
Microsoft Visual Studio Solution File, Format Version 12.00
# Visual Studio Version 16
VisualStudioVersion = 16.0.30907.101
MinimumVisualStudioVersion = 10.0.40219.1
Project("{FAE04EC0-301F-11D3-BF4B-00C04F79EFBC}") = "01. Most Reliable Path", "01. Most Reliable Path\01. Most Reliable Path.csproj", "{3BD612E4-3941-4D6A-BBDC-2D5E10674E02}"
EndProject
Project("{FAE04EC0-301F-11D3-BF4B-00C04F79EFBC}") = "Tests", "Tests\Tests.csproj", "{4A436762-B40C-4718-A7D2-91123D0A6610}"
EndProject
Global
	GlobalSection(SolutionConfigurationPlatforms) = preSolution
		Debug|Any CPU = Debug|Any CPU
		Release|Any CPU = Release|Any CPU
	EndGlobalSection
	GlobalSection(ProjectConfigurationPlatforms) = postSolution
		{3BD612E4-3941-4D6A-BBDC-2D5E10674E02}.Debug|Any CPU.ActiveCfg = Debug|Any CPU
		{3BD612E4-3941-4D6A-BBDC-2D5E10674E02}.Debug|Any CPU.Build.0 = Debug|Any CPU
		{3BD612E4-3941-4D6A-BBDC-2D5E10674E02}.Release|Any CPU.ActiveCfg = Release|Any CPU
		{3BD612E4-3941-4D6A-BBDC-2D5E10674E02}.Release|Any CPU.Build.0 = Release|Any CPU
		{4A436762-B40C-4718-A7D2-91123D0A6610}.Debug|Any CPU.ActiveCfg = Debug|Any CPU
		{4A436762-B40C-4718-A7D2-91123D0A6610}.Debug|Any CPU.Build.0 = Debug|Any CPU
		{4A436762-B40C-4718-A7D2-91123D0A6610}.Release|Any CPU.ActiveCfg = Release|Any CPU
		{4A436762-B40C-4718-A7D2-91123D0A6610}.Release|Any CPU.Build.0 = Release|Any CPU
	EndGlobalSection
	GlobalSection(SolutionProperties) = preSolution
		HideSolutionNode = FALSE
	EndGlobalSection
	GlobalSection(ExtensibilityGlobals) = postSolution
		SolutionGuid = {2E25C7A7-7480-4669-A098-14866D8AB68C}
	EndGlobalSection
EndGlobal
