
Microsoft Visual Studio Solution File, Format Version 12.00
# Visual Studio Version 16
VisualStudioVersion = 16.0.30907.101
MinimumVisualStudioVersion = 10.0.40219.1
Project("{9A19103F-16F7-4668-BE54-9A1E7A4F7556}") = "01. Dijkstras Algorithm", "01. Dijkstras Algorithm\01. Dijkstras Algorithm.csproj", "{C15D9DF7-6A13-4E1C-A46C-78E8237609D9}"
EndProject
Project("{FAE04EC0-301F-11D3-BF4B-00C04F79EFBC}") = "Tets", "Tets\Tets.csproj", "{963D130F-5AFE-4F0D-8C23-9032FE4A1897}"
EndProject
Project("{FAE04EC0-301F-11D3-BF4B-00C04F79EFBC}") = "02. Kruskal’s Algorithm", "02. Kruskal’s Algorithm\02. Kruskal’s Algorithm.csproj", "{1C6AC93A-B8D8-40CF-BD29-118111C97F7A}"
EndProject
Project("{FAE04EC0-301F-11D3-BF4B-00C04F79EFBC}") = "03. Prim's Algorithm", "03. Prim's Algorithm\03. Prim's Algorithm.csproj", "{D1D05AE5-3822-42C7-94F7-D9CA29CFD660}"
EndProject
Global
	GlobalSection(SolutionConfigurationPlatforms) = preSolution
		Debug|Any CPU = Debug|Any CPU
		Release|Any CPU = Release|Any CPU
	EndGlobalSection
	GlobalSection(ProjectConfigurationPlatforms) = postSolution
		{C15D9DF7-6A13-4E1C-A46C-78E8237609D9}.Debug|Any CPU.ActiveCfg = Debug|Any CPU
		{C15D9DF7-6A13-4E1C-A46C-78E8237609D9}.Debug|Any CPU.Build.0 = Debug|Any CPU
		{C15D9DF7-6A13-4E1C-A46C-78E8237609D9}.Release|Any CPU.ActiveCfg = Release|Any CPU
		{C15D9DF7-6A13-4E1C-A46C-78E8237609D9}.Release|Any CPU.Build.0 = Release|Any CPU
		{963D130F-5AFE-4F0D-8C23-9032FE4A1897}.Debug|Any CPU.ActiveCfg = Debug|Any CPU
		{963D130F-5AFE-4F0D-8C23-9032FE4A1897}.Debug|Any CPU.Build.0 = Debug|Any CPU
		{963D130F-5AFE-4F0D-8C23-9032FE4A1897}.Release|Any CPU.ActiveCfg = Release|Any CPU
		{963D130F-5AFE-4F0D-8C23-9032FE4A1897}.Release|Any CPU.Build.0 = Release|Any CPU
		{1C6AC93A-B8D8-40CF-BD29-118111C97F7A}.Debug|Any CPU.ActiveCfg = Debug|Any CPU
		{1C6AC93A-B8D8-40CF-BD29-118111C97F7A}.Debug|Any CPU.Build.0 = Debug|Any CPU
		{1C6AC93A-B8D8-40CF-BD29-118111C97F7A}.Release|Any CPU.ActiveCfg = Release|Any CPU
		{1C6AC93A-B8D8-40CF-BD29-118111C97F7A}.Release|Any CPU.Build.0 = Release|Any CPU
		{D1D05AE5-3822-42C7-94F7-D9CA29CFD660}.Debug|Any CPU.ActiveCfg = Debug|Any CPU
		{D1D05AE5-3822-42C7-94F7-D9CA29CFD660}.Debug|Any CPU.Build.0 = Debug|Any CPU
		{D1D05AE5-3822-42C7-94F7-D9CA29CFD660}.Release|Any CPU.ActiveCfg = Release|Any CPU
		{D1D05AE5-3822-42C7-94F7-D9CA29CFD660}.Release|Any CPU.Build.0 = Release|Any CPU
	EndGlobalSection
	GlobalSection(SolutionProperties) = preSolution
		HideSolutionNode = FALSE
	EndGlobalSection
	GlobalSection(ExtensibilityGlobals) = postSolution
		SolutionGuid = {9752B475-D521-4764-8B33-0FB7C8BED1B5}
	EndGlobalSection
EndGlobal
