
Microsoft Visual Studio Solution File, Format Version 12.00
# Visual Studio Version 16
VisualStudioVersion = 16.0.30204.135
MinimumVisualStudioVersion = 10.0.40219.1
Project("{FAE04EC0-301F-11D3-BF4B-00C04F79EFBC}") = "01. Binrary Search", "01. Binrary Search\01. Binrary Search.csproj", "{40F720E4-00CA-4975-BD60-199D9E2491ED}"
EndProject
Project("{FAE04EC0-301F-11D3-BF4B-00C04F79EFBC}") = "02. Selection Sort", "02. Selection Sort\02. Selection Sort.csproj", "{F4C6ECA0-A3B9-4813-B77B-B43ECCA4487F}"
EndProject
Project("{FAE04EC0-301F-11D3-BF4B-00C04F79EFBC}") = "03. Bubble Sort", "03. Bubble Sort\03. Bubble Sort.csproj", "{30A15F04-3190-4B14-B688-E6B8E8ECAD84}"
EndProject
Project("{FAE04EC0-301F-11D3-BF4B-00C04F79EFBC}") = "04. Insertion Sort", "04. Insertion Sort\04. Insertion Sort.csproj", "{11A690E4-00BB-4D7C-8B09-0CF826C59FFF}"
EndProject
Project("{FAE04EC0-301F-11D3-BF4B-00C04F79EFBC}") = "05. Quick Sort", "05. Quick Sort\05. Quick Sort.csproj", "{B96E0E03-CA52-4A92-A0C4-7972BFD35AB5}"
EndProject
Project("{FAE04EC0-301F-11D3-BF4B-00C04F79EFBC}") = "06. Merge Sort", "06. Merge Sort\06. Merge Sort.csproj", "{08499BEC-151B-49EF-A20B-5195271B61C7}"
EndProject
Global
	GlobalSection(SolutionConfigurationPlatforms) = preSolution
		Debug|Any CPU = Debug|Any CPU
		Release|Any CPU = Release|Any CPU
	EndGlobalSection
	GlobalSection(ProjectConfigurationPlatforms) = postSolution
		{40F720E4-00CA-4975-BD60-199D9E2491ED}.Debug|Any CPU.ActiveCfg = Debug|Any CPU
		{40F720E4-00CA-4975-BD60-199D9E2491ED}.Debug|Any CPU.Build.0 = Debug|Any CPU
		{40F720E4-00CA-4975-BD60-199D9E2491ED}.Release|Any CPU.ActiveCfg = Release|Any CPU
		{40F720E4-00CA-4975-BD60-199D9E2491ED}.Release|Any CPU.Build.0 = Release|Any CPU
		{F4C6ECA0-A3B9-4813-B77B-B43ECCA4487F}.Debug|Any CPU.ActiveCfg = Debug|Any CPU
		{F4C6ECA0-A3B9-4813-B77B-B43ECCA4487F}.Debug|Any CPU.Build.0 = Debug|Any CPU
		{F4C6ECA0-A3B9-4813-B77B-B43ECCA4487F}.Release|Any CPU.ActiveCfg = Release|Any CPU
		{F4C6ECA0-A3B9-4813-B77B-B43ECCA4487F}.Release|Any CPU.Build.0 = Release|Any CPU
		{30A15F04-3190-4B14-B688-E6B8E8ECAD84}.Debug|Any CPU.ActiveCfg = Debug|Any CPU
		{30A15F04-3190-4B14-B688-E6B8E8ECAD84}.Debug|Any CPU.Build.0 = Debug|Any CPU
		{30A15F04-3190-4B14-B688-E6B8E8ECAD84}.Release|Any CPU.ActiveCfg = Release|Any CPU
		{30A15F04-3190-4B14-B688-E6B8E8ECAD84}.Release|Any CPU.Build.0 = Release|Any CPU
		{11A690E4-00BB-4D7C-8B09-0CF826C59FFF}.Debug|Any CPU.ActiveCfg = Debug|Any CPU
		{11A690E4-00BB-4D7C-8B09-0CF826C59FFF}.Debug|Any CPU.Build.0 = Debug|Any CPU
		{11A690E4-00BB-4D7C-8B09-0CF826C59FFF}.Release|Any CPU.ActiveCfg = Release|Any CPU
		{11A690E4-00BB-4D7C-8B09-0CF826C59FFF}.Release|Any CPU.Build.0 = Release|Any CPU
		{B96E0E03-CA52-4A92-A0C4-7972BFD35AB5}.Debug|Any CPU.ActiveCfg = Debug|Any CPU
		{B96E0E03-CA52-4A92-A0C4-7972BFD35AB5}.Debug|Any CPU.Build.0 = Debug|Any CPU
		{B96E0E03-CA52-4A92-A0C4-7972BFD35AB5}.Release|Any CPU.ActiveCfg = Release|Any CPU
		{B96E0E03-CA52-4A92-A0C4-7972BFD35AB5}.Release|Any CPU.Build.0 = Release|Any CPU
		{08499BEC-151B-49EF-A20B-5195271B61C7}.Debug|Any CPU.ActiveCfg = Debug|Any CPU
		{08499BEC-151B-49EF-A20B-5195271B61C7}.Debug|Any CPU.Build.0 = Debug|Any CPU
		{08499BEC-151B-49EF-A20B-5195271B61C7}.Release|Any CPU.ActiveCfg = Release|Any CPU
		{08499BEC-151B-49EF-A20B-5195271B61C7}.Release|Any CPU.Build.0 = Release|Any CPU
	EndGlobalSection
	GlobalSection(SolutionProperties) = preSolution
		HideSolutionNode = FALSE
	EndGlobalSection
	GlobalSection(ExtensibilityGlobals) = postSolution
		SolutionGuid = {11264596-9721-4F4B-B2A4-1B329D754C11}
	EndGlobalSection
EndGlobal
