
Microsoft Visual Studio Solution File, Format Version 12.00
# Visual Studio Version 16
VisualStudioVersion = 16.0.30204.135
MinimumVisualStudioVersion = 10.0.40219.1
Project("{FAE04EC0-301F-11D3-BF4B-00C04F79EFBC}") = "01. Permutations WO Rep", "01. Permutations WO Rep\01. Permutations WO Rep.csproj", "{55366ACE-4973-42DB-9100-F8173D7B5DE7}"
EndProject
Project("{FAE04EC0-301F-11D3-BF4B-00C04F79EFBC}") = "02. Permutations W Rep", "02. Permutations W Rep\02. Permutations W Rep.csproj", "{F30FC0D8-83CE-4BFA-B47C-2D77660270BB}"
EndProject
Project("{FAE04EC0-301F-11D3-BF4B-00C04F79EFBC}") = "03. Variations WO Rep", "03. Variations WO Rep\03. Variations WO Rep.csproj", "{8CA385AE-6907-42DE-8B2B-01F37A600E71}"
EndProject
Project("{FAE04EC0-301F-11D3-BF4B-00C04F79EFBC}") = "04. Variations W Rep", "04. Variations W Rep\04. Variations W Rep.csproj", "{2BF9AFFF-5810-4490-832E-A40AA5D5DE7D}"
EndProject
Project("{FAE04EC0-301F-11D3-BF4B-00C04F79EFBC}") = "05. Combinations WO Rep", "05. Combinations WO Rep\05. Combinations WO Rep.csproj", "{549AD9CC-C108-47ED-80E8-8331816C7E5C}"
EndProject
Project("{FAE04EC0-301F-11D3-BF4B-00C04F79EFBC}") = "06. Combinations W Rep", "06. Combinations W Rep\06. Combinations W Rep.csproj", "{8435A631-6488-4E20-A333-460AB2E7FC84}"
EndProject
Project("{FAE04EC0-301F-11D3-BF4B-00C04F79EFBC}") = "07. N Choose K", "07. N Choose K\07. N Choose K.csproj", "{6F5A6BF5-F974-40A2-8F7A-0328630BADC1}"
EndProject
Global
	GlobalSection(SolutionConfigurationPlatforms) = preSolution
		Debug|Any CPU = Debug|Any CPU
		Release|Any CPU = Release|Any CPU
	EndGlobalSection
	GlobalSection(ProjectConfigurationPlatforms) = postSolution
		{55366ACE-4973-42DB-9100-F8173D7B5DE7}.Debug|Any CPU.ActiveCfg = Debug|Any CPU
		{55366ACE-4973-42DB-9100-F8173D7B5DE7}.Debug|Any CPU.Build.0 = Debug|Any CPU
		{55366ACE-4973-42DB-9100-F8173D7B5DE7}.Release|Any CPU.ActiveCfg = Release|Any CPU
		{55366ACE-4973-42DB-9100-F8173D7B5DE7}.Release|Any CPU.Build.0 = Release|Any CPU
		{F30FC0D8-83CE-4BFA-B47C-2D77660270BB}.Debug|Any CPU.ActiveCfg = Debug|Any CPU
		{F30FC0D8-83CE-4BFA-B47C-2D77660270BB}.Debug|Any CPU.Build.0 = Debug|Any CPU
		{F30FC0D8-83CE-4BFA-B47C-2D77660270BB}.Release|Any CPU.ActiveCfg = Release|Any CPU
		{F30FC0D8-83CE-4BFA-B47C-2D77660270BB}.Release|Any CPU.Build.0 = Release|Any CPU
		{8CA385AE-6907-42DE-8B2B-01F37A600E71}.Debug|Any CPU.ActiveCfg = Debug|Any CPU
		{8CA385AE-6907-42DE-8B2B-01F37A600E71}.Debug|Any CPU.Build.0 = Debug|Any CPU
		{8CA385AE-6907-42DE-8B2B-01F37A600E71}.Release|Any CPU.ActiveCfg = Release|Any CPU
		{8CA385AE-6907-42DE-8B2B-01F37A600E71}.Release|Any CPU.Build.0 = Release|Any CPU
		{2BF9AFFF-5810-4490-832E-A40AA5D5DE7D}.Debug|Any CPU.ActiveCfg = Debug|Any CPU
		{2BF9AFFF-5810-4490-832E-A40AA5D5DE7D}.Debug|Any CPU.Build.0 = Debug|Any CPU
		{2BF9AFFF-5810-4490-832E-A40AA5D5DE7D}.Release|Any CPU.ActiveCfg = Release|Any CPU
		{2BF9AFFF-5810-4490-832E-A40AA5D5DE7D}.Release|Any CPU.Build.0 = Release|Any CPU
		{549AD9CC-C108-47ED-80E8-8331816C7E5C}.Debug|Any CPU.ActiveCfg = Debug|Any CPU
		{549AD9CC-C108-47ED-80E8-8331816C7E5C}.Debug|Any CPU.Build.0 = Debug|Any CPU
		{549AD9CC-C108-47ED-80E8-8331816C7E5C}.Release|Any CPU.ActiveCfg = Release|Any CPU
		{549AD9CC-C108-47ED-80E8-8331816C7E5C}.Release|Any CPU.Build.0 = Release|Any CPU
		{8435A631-6488-4E20-A333-460AB2E7FC84}.Debug|Any CPU.ActiveCfg = Debug|Any CPU
		{8435A631-6488-4E20-A333-460AB2E7FC84}.Debug|Any CPU.Build.0 = Debug|Any CPU
		{8435A631-6488-4E20-A333-460AB2E7FC84}.Release|Any CPU.ActiveCfg = Release|Any CPU
		{8435A631-6488-4E20-A333-460AB2E7FC84}.Release|Any CPU.Build.0 = Release|Any CPU
		{6F5A6BF5-F974-40A2-8F7A-0328630BADC1}.Debug|Any CPU.ActiveCfg = Debug|Any CPU
		{6F5A6BF5-F974-40A2-8F7A-0328630BADC1}.Debug|Any CPU.Build.0 = Debug|Any CPU
		{6F5A6BF5-F974-40A2-8F7A-0328630BADC1}.Release|Any CPU.ActiveCfg = Release|Any CPU
		{6F5A6BF5-F974-40A2-8F7A-0328630BADC1}.Release|Any CPU.Build.0 = Release|Any CPU
	EndGlobalSection
	GlobalSection(SolutionProperties) = preSolution
		HideSolutionNode = FALSE
	EndGlobalSection
	GlobalSection(ExtensibilityGlobals) = postSolution
		SolutionGuid = {DDA8B77A-8C4A-472C-B514-F31F710FAF13}
	EndGlobalSection
EndGlobal
