
Microsoft Visual Studio Solution File, Format Version 12.00
# Visual Studio Version 16
VisualStudioVersion = 16.0.30204.135
MinimumVisualStudioVersion = 10.0.40219.1
Project("{FAE04EC0-301F-11D3-BF4B-00C04F79EFBC}") = "01. Permutations WO Rep", "01. Permutations WO Rep\01. Permutations WO Rep.csproj", "{55366ACE-4973-42DB-9100-F8173D7B5DE7}"
EndProject
Global
	GlobalSection(SolutionConfigurationPlatforms) = preSolution
		Debug|Any CPU = Debug|Any CPU
		Release|Any CPU = Release|Any CPU
	EndGlobalSection
	GlobalSection(ProjectConfigurationPlatforms) = postSolution
		{55366ACE-4973-42DB-9100-F8173D7B5DE7}.Debug|Any CPU.ActiveCfg = Debug|Any CPU
		{55366ACE-4973-42DB-9100-F8173D7B5DE7}.Debug|Any CPU.Build.0 = Debug|Any CPU
		{55366ACE-4973-42DB-9100-F8173D7B5DE7}.Release|Any CPU.ActiveCfg = Release|Any CPU
		{55366ACE-4973-42DB-9100-F8173D7B5DE7}.Release|Any CPU.Build.0 = Release|Any CPU
	EndGlobalSection
	GlobalSection(SolutionProperties) = preSolution
		HideSolutionNode = FALSE
	EndGlobalSection
	GlobalSection(ExtensibilityGlobals) = postSolution
		SolutionGuid = {DDA8B77A-8C4A-472C-B514-F31F710FAF13}
	EndGlobalSection
EndGlobal
