
Microsoft Visual Studio Solution File, Format Version 12.00
# Visual Studio Version 16
VisualStudioVersion = 16.0.30204.135
MinimumVisualStudioVersion = 10.0.40219.1
Project("{9A19103F-16F7-4668-BE54-9A1E7A4F7556}") = "01. Reverse Array", "01. Reverse Array\01. Reverse Array.csproj", "{FF9DDBD0-E85D-4876-B670-C64EBC0E969C}"
EndProject
Project("{9A19103F-16F7-4668-BE54-9A1E7A4F7556}") = "02. Nested Loops", "02. Nested Loops\02. Nested Loops.csproj", "{829E26EF-08EC-4824-965F-87C87CF1F892}"
EndProject
Project("{9A19103F-16F7-4668-BE54-9A1E7A4F7556}") = "03. Comb. with Rep", "03. Comb. with Rep\03. Comb. with Rep.csproj", "{D8FE382C-8E88-42DC-8EC1-790B13C9D467}"
EndProject
Project("{9A19103F-16F7-4668-BE54-9A1E7A4F7556}") = "04. Comb WO Rep", "04. Comb WO Rep\04. Comb WO Rep.csproj", "{D53821E4-246E-480D-BDD7-E4F8E3EF3008}"
EndProject
Project("{9A19103F-16F7-4668-BE54-9A1E7A4F7556}") = "05. Connected Areas", "05. Connected Areas\05. Connected Areas.csproj", "{AE7D9610-B156-4AC4-8D74-70F48D19CE39}"
EndProject
Project("{FAE04EC0-301F-11D3-BF4B-00C04F79EFBC}") = "Tests", "Tests\Tests.csproj", "{46F85393-CC09-42BB-93D6-3275DFFCEFEF}"
EndProject
Project("{FAE04EC0-301F-11D3-BF4B-00C04F79EFBC}") = "06. Cinema", "06. Cinema\06. Cinema.csproj", "{B7E2EC46-0876-48F6-B1ED-1FEF201E7679}"
EndProject
Global
	GlobalSection(SolutionConfigurationPlatforms) = preSolution
		Debug|Any CPU = Debug|Any CPU
		Release|Any CPU = Release|Any CPU
	EndGlobalSection
	GlobalSection(ProjectConfigurationPlatforms) = postSolution
		{FF9DDBD0-E85D-4876-B670-C64EBC0E969C}.Debug|Any CPU.ActiveCfg = Debug|Any CPU
		{FF9DDBD0-E85D-4876-B670-C64EBC0E969C}.Debug|Any CPU.Build.0 = Debug|Any CPU
		{FF9DDBD0-E85D-4876-B670-C64EBC0E969C}.Release|Any CPU.ActiveCfg = Release|Any CPU
		{FF9DDBD0-E85D-4876-B670-C64EBC0E969C}.Release|Any CPU.Build.0 = Release|Any CPU
		{829E26EF-08EC-4824-965F-87C87CF1F892}.Debug|Any CPU.ActiveCfg = Debug|Any CPU
		{829E26EF-08EC-4824-965F-87C87CF1F892}.Debug|Any CPU.Build.0 = Debug|Any CPU
		{829E26EF-08EC-4824-965F-87C87CF1F892}.Release|Any CPU.ActiveCfg = Release|Any CPU
		{829E26EF-08EC-4824-965F-87C87CF1F892}.Release|Any CPU.Build.0 = Release|Any CPU
		{D8FE382C-8E88-42DC-8EC1-790B13C9D467}.Debug|Any CPU.ActiveCfg = Debug|Any CPU
		{D8FE382C-8E88-42DC-8EC1-790B13C9D467}.Debug|Any CPU.Build.0 = Debug|Any CPU
		{D8FE382C-8E88-42DC-8EC1-790B13C9D467}.Release|Any CPU.ActiveCfg = Release|Any CPU
		{D8FE382C-8E88-42DC-8EC1-790B13C9D467}.Release|Any CPU.Build.0 = Release|Any CPU
		{D53821E4-246E-480D-BDD7-E4F8E3EF3008}.Debug|Any CPU.ActiveCfg = Debug|Any CPU
		{D53821E4-246E-480D-BDD7-E4F8E3EF3008}.Debug|Any CPU.Build.0 = Debug|Any CPU
		{D53821E4-246E-480D-BDD7-E4F8E3EF3008}.Release|Any CPU.ActiveCfg = Release|Any CPU
		{D53821E4-246E-480D-BDD7-E4F8E3EF3008}.Release|Any CPU.Build.0 = Release|Any CPU
		{AE7D9610-B156-4AC4-8D74-70F48D19CE39}.Debug|Any CPU.ActiveCfg = Debug|Any CPU
		{AE7D9610-B156-4AC4-8D74-70F48D19CE39}.Debug|Any CPU.Build.0 = Debug|Any CPU
		{AE7D9610-B156-4AC4-8D74-70F48D19CE39}.Release|Any CPU.ActiveCfg = Release|Any CPU
		{AE7D9610-B156-4AC4-8D74-70F48D19CE39}.Release|Any CPU.Build.0 = Release|Any CPU
		{46F85393-CC09-42BB-93D6-3275DFFCEFEF}.Debug|Any CPU.ActiveCfg = Debug|Any CPU
		{46F85393-CC09-42BB-93D6-3275DFFCEFEF}.Debug|Any CPU.Build.0 = Debug|Any CPU
		{46F85393-CC09-42BB-93D6-3275DFFCEFEF}.Release|Any CPU.ActiveCfg = Release|Any CPU
		{46F85393-CC09-42BB-93D6-3275DFFCEFEF}.Release|Any CPU.Build.0 = Release|Any CPU
		{B7E2EC46-0876-48F6-B1ED-1FEF201E7679}.Debug|Any CPU.ActiveCfg = Debug|Any CPU
		{B7E2EC46-0876-48F6-B1ED-1FEF201E7679}.Debug|Any CPU.Build.0 = Debug|Any CPU
		{B7E2EC46-0876-48F6-B1ED-1FEF201E7679}.Release|Any CPU.ActiveCfg = Release|Any CPU
		{B7E2EC46-0876-48F6-B1ED-1FEF201E7679}.Release|Any CPU.Build.0 = Release|Any CPU
	EndGlobalSection
	GlobalSection(SolutionProperties) = preSolution
		HideSolutionNode = FALSE
	EndGlobalSection
	GlobalSection(ExtensibilityGlobals) = postSolution
		SolutionGuid = {A47D8E15-4AFA-4500-A6C0-6A9B947B6B2E}
	EndGlobalSection
EndGlobal
