
Microsoft Visual Studio Solution File, Format Version 12.00
# Visual Studio Version 16
VisualStudioVersion = 16.0.30204.135
MinimumVisualStudioVersion = 10.0.40219.1
Project("{FAE04EC0-301F-11D3-BF4B-00C04F79EFBC}") = "01. Recursive Array Sum", "01. Recursive Array Sum\01. Recursive Array Sum.csproj", "{A35BE303-EC71-442C-880C-70C6E1FA808D}"
EndProject
Project("{FAE04EC0-301F-11D3-BF4B-00C04F79EFBC}") = "02. Recursive Drawing", "02. Recursive Drawing\02. Recursive Drawing.csproj", "{C9555358-549F-4B33-8BF2-4C1C2ABE0CB6}"
EndProject
Global
	GlobalSection(SolutionConfigurationPlatforms) = preSolution
		Debug|Any CPU = Debug|Any CPU
		Release|Any CPU = Release|Any CPU
	EndGlobalSection
	GlobalSection(ProjectConfigurationPlatforms) = postSolution
		{A35BE303-EC71-442C-880C-70C6E1FA808D}.Debug|Any CPU.ActiveCfg = Debug|Any CPU
		{A35BE303-EC71-442C-880C-70C6E1FA808D}.Debug|Any CPU.Build.0 = Debug|Any CPU
		{A35BE303-EC71-442C-880C-70C6E1FA808D}.Release|Any CPU.ActiveCfg = Release|Any CPU
		{A35BE303-EC71-442C-880C-70C6E1FA808D}.Release|Any CPU.Build.0 = Release|Any CPU
		{C9555358-549F-4B33-8BF2-4C1C2ABE0CB6}.Debug|Any CPU.ActiveCfg = Debug|Any CPU
		{C9555358-549F-4B33-8BF2-4C1C2ABE0CB6}.Debug|Any CPU.Build.0 = Debug|Any CPU
		{C9555358-549F-4B33-8BF2-4C1C2ABE0CB6}.Release|Any CPU.ActiveCfg = Release|Any CPU
		{C9555358-549F-4B33-8BF2-4C1C2ABE0CB6}.Release|Any CPU.Build.0 = Release|Any CPU
	EndGlobalSection
	GlobalSection(SolutionProperties) = preSolution
		HideSolutionNode = FALSE
	EndGlobalSection
	GlobalSection(ExtensibilityGlobals) = postSolution
		SolutionGuid = {3B3F5A02-88F3-4297-A296-3F99BFC96DAB}
	EndGlobalSection
EndGlobal
