
Microsoft Visual Studio Solution File, Format Version 12.00
# Visual Studio Version 16
VisualStudioVersion = 16.0.30204.135
MinimumVisualStudioVersion = 10.0.40219.1
Project("{9A19103F-16F7-4668-BE54-9A1E7A4F7556}") = "01. Binomial Coefficients", "01. Binomial Coefficients\01. Binomial Coefficients.csproj", "{6D6CBAE7-174D-4358-9705-ACEBDB29BA45}"
EndProject
Project("{9A19103F-16F7-4668-BE54-9A1E7A4F7556}") = "02. Dividing Presents", "02. Dividing Presents\02. Dividing Presents.csproj", "{C9F26C58-A140-4BBE-B008-778FB62AFBB2}"
EndProject
Project("{9A19103F-16F7-4668-BE54-9A1E7A4F7556}") = "04. Sum with Limited", "04. Sum with Limited\04. Sum with Limited.csproj", "{543EB40F-AA4B-4DAA-8AFD-93FAB5B9B59C}"
EndProject
Project("{9A19103F-16F7-4668-BE54-9A1E7A4F7556}") = "03. Sum with Unlimited", "03. Sum with Unlimited\03. Sum with Unlimited.csproj", "{76417E94-4363-4FF4-9F59-F329CCC74F11}"
EndProject
Project("{FAE04EC0-301F-11D3-BF4B-00C04F79EFBC}") = "05. Word Differences", "05. Word Differences\05. Word Differences.csproj", "{3E465807-FA49-4E22-A882-C9804FE06E75}"
EndProject
Project("{FAE04EC0-301F-11D3-BF4B-00C04F79EFBC}") = "06. Connecting Cables", "06. Connecting Cables\06. Connecting Cables.csproj", "{E7E0EA73-9B42-418F-9B54-85D622EBFC90}"
EndProject
Project("{FAE04EC0-301F-11D3-BF4B-00C04F79EFBC}") = "07. Minimum Edit Distance", "07. Minimum Edit Distance\07. Minimum Edit Distance.csproj", "{1A0031A4-F7F2-41D4-B6F5-9B4DFA589811}"
EndProject
Global
	GlobalSection(SolutionConfigurationPlatforms) = preSolution
		Debug|Any CPU = Debug|Any CPU
		Release|Any CPU = Release|Any CPU
	EndGlobalSection
	GlobalSection(ProjectConfigurationPlatforms) = postSolution
		{6D6CBAE7-174D-4358-9705-ACEBDB29BA45}.Debug|Any CPU.ActiveCfg = Debug|Any CPU
		{6D6CBAE7-174D-4358-9705-ACEBDB29BA45}.Debug|Any CPU.Build.0 = Debug|Any CPU
		{6D6CBAE7-174D-4358-9705-ACEBDB29BA45}.Release|Any CPU.ActiveCfg = Release|Any CPU
		{6D6CBAE7-174D-4358-9705-ACEBDB29BA45}.Release|Any CPU.Build.0 = Release|Any CPU
		{C9F26C58-A140-4BBE-B008-778FB62AFBB2}.Debug|Any CPU.ActiveCfg = Debug|Any CPU
		{C9F26C58-A140-4BBE-B008-778FB62AFBB2}.Debug|Any CPU.Build.0 = Debug|Any CPU
		{C9F26C58-A140-4BBE-B008-778FB62AFBB2}.Release|Any CPU.ActiveCfg = Release|Any CPU
		{C9F26C58-A140-4BBE-B008-778FB62AFBB2}.Release|Any CPU.Build.0 = Release|Any CPU
		{543EB40F-AA4B-4DAA-8AFD-93FAB5B9B59C}.Debug|Any CPU.ActiveCfg = Debug|Any CPU
		{543EB40F-AA4B-4DAA-8AFD-93FAB5B9B59C}.Debug|Any CPU.Build.0 = Debug|Any CPU
		{543EB40F-AA4B-4DAA-8AFD-93FAB5B9B59C}.Release|Any CPU.ActiveCfg = Release|Any CPU
		{543EB40F-AA4B-4DAA-8AFD-93FAB5B9B59C}.Release|Any CPU.Build.0 = Release|Any CPU
		{76417E94-4363-4FF4-9F59-F329CCC74F11}.Debug|Any CPU.ActiveCfg = Debug|Any CPU
		{76417E94-4363-4FF4-9F59-F329CCC74F11}.Debug|Any CPU.Build.0 = Debug|Any CPU
		{76417E94-4363-4FF4-9F59-F329CCC74F11}.Release|Any CPU.ActiveCfg = Release|Any CPU
		{76417E94-4363-4FF4-9F59-F329CCC74F11}.Release|Any CPU.Build.0 = Release|Any CPU
		{3E465807-FA49-4E22-A882-C9804FE06E75}.Debug|Any CPU.ActiveCfg = Debug|Any CPU
		{3E465807-FA49-4E22-A882-C9804FE06E75}.Debug|Any CPU.Build.0 = Debug|Any CPU
		{3E465807-FA49-4E22-A882-C9804FE06E75}.Release|Any CPU.ActiveCfg = Release|Any CPU
		{3E465807-FA49-4E22-A882-C9804FE06E75}.Release|Any CPU.Build.0 = Release|Any CPU
		{E7E0EA73-9B42-418F-9B54-85D622EBFC90}.Debug|Any CPU.ActiveCfg = Debug|Any CPU
		{E7E0EA73-9B42-418F-9B54-85D622EBFC90}.Debug|Any CPU.Build.0 = Debug|Any CPU
		{E7E0EA73-9B42-418F-9B54-85D622EBFC90}.Release|Any CPU.ActiveCfg = Release|Any CPU
		{E7E0EA73-9B42-418F-9B54-85D622EBFC90}.Release|Any CPU.Build.0 = Release|Any CPU
		{1A0031A4-F7F2-41D4-B6F5-9B4DFA589811}.Debug|Any CPU.ActiveCfg = Debug|Any CPU
		{1A0031A4-F7F2-41D4-B6F5-9B4DFA589811}.Debug|Any CPU.Build.0 = Debug|Any CPU
		{1A0031A4-F7F2-41D4-B6F5-9B4DFA589811}.Release|Any CPU.ActiveCfg = Release|Any CPU
		{1A0031A4-F7F2-41D4-B6F5-9B4DFA589811}.Release|Any CPU.Build.0 = Release|Any CPU
	EndGlobalSection
	GlobalSection(SolutionProperties) = preSolution
		HideSolutionNode = FALSE
	EndGlobalSection
	GlobalSection(ExtensibilityGlobals) = postSolution
		SolutionGuid = {14ADCB69-66B9-4DDD-AE7F-4E3BEB6FB3A3}
	EndGlobalSection
EndGlobal
