
Microsoft Visual Studio Solution File, Format Version 12.00
# Visual Studio Version 16
VisualStudioVersion = 16.0.30204.135
MinimumVisualStudioVersion = 10.0.40219.1
Project("{9A19103F-16F7-4668-BE54-9A1E7A4F7556}") = "01. Distance Between Vertices", "01. Distance Between Vertices\01. Distance Between Vertices.csproj", "{965B97E6-FDDE-4C92-A229-C506E8BDFF87}"
EndProject
Project("{9A19103F-16F7-4668-BE54-9A1E7A4F7556}") = "02. Areas in Matrix", "02. Areas in Matrix\02. Areas in Matrix.csproj", "{D868A136-964F-434E-9E68-80C05C2FE792}"
EndProject
Project("{9A19103F-16F7-4668-BE54-9A1E7A4F7556}") = "03. Cycles in a Graph", "03. Cycles in a Graph\03. Cycles in a Graph.csproj", "{EF8A172D-AE21-4DAD-A245-7510A49604B2}"
EndProject
Project("{9A19103F-16F7-4668-BE54-9A1E7A4F7556}") = "04. Salaries", "04. Salaries\04. Salaries.csproj", "{28D2EDA2-D9FC-4E71-9711-2FFB793D450E}"
EndProject
Project("{FAE04EC0-301F-11D3-BF4B-00C04F79EFBC}") = "05. Break Cycles", "05. Break Cycles\05. Break Cycles.csproj", "{EFEEA1F9-D5CE-4886-B90B-99D22BECBAD5}"
EndProject
Project("{FAE04EC0-301F-11D3-BF4B-00C04F79EFBC}") = "06. Road Reconstruction", "06. Road Reconstruction\06. Road Reconstruction.csproj", "{EE5E438C-0F6B-4FA2-8F26-72BB8D899381}"
EndProject
Global
	GlobalSection(SolutionConfigurationPlatforms) = preSolution
		Debug|Any CPU = Debug|Any CPU
		Release|Any CPU = Release|Any CPU
	EndGlobalSection
	GlobalSection(ProjectConfigurationPlatforms) = postSolution
		{965B97E6-FDDE-4C92-A229-C506E8BDFF87}.Debug|Any CPU.ActiveCfg = Debug|Any CPU
		{965B97E6-FDDE-4C92-A229-C506E8BDFF87}.Debug|Any CPU.Build.0 = Debug|Any CPU
		{965B97E6-FDDE-4C92-A229-C506E8BDFF87}.Release|Any CPU.ActiveCfg = Release|Any CPU
		{965B97E6-FDDE-4C92-A229-C506E8BDFF87}.Release|Any CPU.Build.0 = Release|Any CPU
		{D868A136-964F-434E-9E68-80C05C2FE792}.Debug|Any CPU.ActiveCfg = Debug|Any CPU
		{D868A136-964F-434E-9E68-80C05C2FE792}.Debug|Any CPU.Build.0 = Debug|Any CPU
		{D868A136-964F-434E-9E68-80C05C2FE792}.Release|Any CPU.ActiveCfg = Release|Any CPU
		{D868A136-964F-434E-9E68-80C05C2FE792}.Release|Any CPU.Build.0 = Release|Any CPU
		{EF8A172D-AE21-4DAD-A245-7510A49604B2}.Debug|Any CPU.ActiveCfg = Debug|Any CPU
		{EF8A172D-AE21-4DAD-A245-7510A49604B2}.Debug|Any CPU.Build.0 = Debug|Any CPU
		{EF8A172D-AE21-4DAD-A245-7510A49604B2}.Release|Any CPU.ActiveCfg = Release|Any CPU
		{EF8A172D-AE21-4DAD-A245-7510A49604B2}.Release|Any CPU.Build.0 = Release|Any CPU
		{28D2EDA2-D9FC-4E71-9711-2FFB793D450E}.Debug|Any CPU.ActiveCfg = Debug|Any CPU
		{28D2EDA2-D9FC-4E71-9711-2FFB793D450E}.Debug|Any CPU.Build.0 = Debug|Any CPU
		{28D2EDA2-D9FC-4E71-9711-2FFB793D450E}.Release|Any CPU.ActiveCfg = Release|Any CPU
		{28D2EDA2-D9FC-4E71-9711-2FFB793D450E}.Release|Any CPU.Build.0 = Release|Any CPU
		{EFEEA1F9-D5CE-4886-B90B-99D22BECBAD5}.Debug|Any CPU.ActiveCfg = Debug|Any CPU
		{EFEEA1F9-D5CE-4886-B90B-99D22BECBAD5}.Debug|Any CPU.Build.0 = Debug|Any CPU
		{EFEEA1F9-D5CE-4886-B90B-99D22BECBAD5}.Release|Any CPU.ActiveCfg = Release|Any CPU
		{EFEEA1F9-D5CE-4886-B90B-99D22BECBAD5}.Release|Any CPU.Build.0 = Release|Any CPU
		{EE5E438C-0F6B-4FA2-8F26-72BB8D899381}.Debug|Any CPU.ActiveCfg = Debug|Any CPU
		{EE5E438C-0F6B-4FA2-8F26-72BB8D899381}.Debug|Any CPU.Build.0 = Debug|Any CPU
		{EE5E438C-0F6B-4FA2-8F26-72BB8D899381}.Release|Any CPU.ActiveCfg = Release|Any CPU
		{EE5E438C-0F6B-4FA2-8F26-72BB8D899381}.Release|Any CPU.Build.0 = Release|Any CPU
	EndGlobalSection
	GlobalSection(SolutionProperties) = preSolution
		HideSolutionNode = FALSE
	EndGlobalSection
	GlobalSection(ExtensibilityGlobals) = postSolution
		SolutionGuid = {4EEC678C-5425-42C3-A95E-12B586736813}
	EndGlobalSection
EndGlobal
