
Microsoft Visual Studio Solution File, Format Version 12.00
# Visual Studio Version 16
VisualStudioVersion = 16.0.30907.101
MinimumVisualStudioVersion = 10.0.40219.1
Project("{FAE04EC0-301F-11D3-BF4B-00C04F79EFBC}") = "01. Black Friday", "01. Black Friday\01. Black Friday.csproj", "{2217ECCD-12E3-4F53-B136-4F524E2ADDBA}"
EndProject
Project("{FAE04EC0-301F-11D3-BF4B-00C04F79EFBC}") = "02. Boxes", "02. Boxes\02. Boxes.csproj", "{E1B78A3C-4CF3-4F4B-BB3D-96A3FCF552BE}"
EndProject
Project("{FAE04EC0-301F-11D3-BF4B-00C04F79EFBC}") = "03. Emergency Plan", "03. Emergency Plan\03. Emergency Plan.csproj", "{B2BCA35E-2A98-4262-B325-9DC19A2BE003}"
EndProject
Global
	GlobalSection(SolutionConfigurationPlatforms) = preSolution
		Debug|Any CPU = Debug|Any CPU
		Release|Any CPU = Release|Any CPU
	EndGlobalSection
	GlobalSection(ProjectConfigurationPlatforms) = postSolution
		{2217ECCD-12E3-4F53-B136-4F524E2ADDBA}.Debug|Any CPU.ActiveCfg = Debug|Any CPU
		{2217ECCD-12E3-4F53-B136-4F524E2ADDBA}.Debug|Any CPU.Build.0 = Debug|Any CPU
		{2217ECCD-12E3-4F53-B136-4F524E2ADDBA}.Release|Any CPU.ActiveCfg = Release|Any CPU
		{2217ECCD-12E3-4F53-B136-4F524E2ADDBA}.Release|Any CPU.Build.0 = Release|Any CPU
		{E1B78A3C-4CF3-4F4B-BB3D-96A3FCF552BE}.Debug|Any CPU.ActiveCfg = Debug|Any CPU
		{E1B78A3C-4CF3-4F4B-BB3D-96A3FCF552BE}.Debug|Any CPU.Build.0 = Debug|Any CPU
		{E1B78A3C-4CF3-4F4B-BB3D-96A3FCF552BE}.Release|Any CPU.ActiveCfg = Release|Any CPU
		{E1B78A3C-4CF3-4F4B-BB3D-96A3FCF552BE}.Release|Any CPU.Build.0 = Release|Any CPU
		{B2BCA35E-2A98-4262-B325-9DC19A2BE003}.Debug|Any CPU.ActiveCfg = Debug|Any CPU
		{B2BCA35E-2A98-4262-B325-9DC19A2BE003}.Debug|Any CPU.Build.0 = Debug|Any CPU
		{B2BCA35E-2A98-4262-B325-9DC19A2BE003}.Release|Any CPU.ActiveCfg = Release|Any CPU
		{B2BCA35E-2A98-4262-B325-9DC19A2BE003}.Release|Any CPU.Build.0 = Release|Any CPU
	EndGlobalSection
	GlobalSection(SolutionProperties) = preSolution
		HideSolutionNode = FALSE
	EndGlobalSection
	GlobalSection(ExtensibilityGlobals) = postSolution
		SolutionGuid = {B27D950A-11FC-43B1-B35F-7C043AFBF6FE}
	EndGlobalSection
EndGlobal
