
Microsoft Visual Studio Solution File, Format Version 12.00
# Visual Studio Version 16
VisualStudioVersion = 16.0.30204.135
MinimumVisualStudioVersion = 10.0.40219.1
Project("{FAE04EC0-301F-11D3-BF4B-00C04F79EFBC}") = "01. Fib Sequence", "01. Fib Sequence\01. Fib Sequence.csproj", "{6BCD6F0A-0652-4125-945C-DB58B39D03F5}"
EndProject
Project("{FAE04EC0-301F-11D3-BF4B-00C04F79EFBC}") = "00. Subset Sum", "00. Subset Sum\00. Subset Sum.csproj", "{56CB9FCA-B366-4A18-922F-101906E9A40D}"
EndProject
Project("{FAE04EC0-301F-11D3-BF4B-00C04F79EFBC}") = "00. Subset Sum w Rep", "00. Subset Sum w Rep\00. Subset Sum w Rep.csproj", "{0573DE16-6646-42F3-9A3D-E7E159B9D003}"
EndProject
Project("{FAE04EC0-301F-11D3-BF4B-00C04F79EFBC}") = "02. Move Down or Right", "02. Move Down or Right\02. Move Down or Right.csproj", "{97CBD18D-A957-4430-A1FB-B82ED43843B2}"
EndProject
Project("{FAE04EC0-301F-11D3-BF4B-00C04F79EFBC}") = "03. Longest Common", "03. Longest Common\03. Longest Common.csproj", "{E046DBD6-C618-470E-8A89-2697B8D4BE8C}"
EndProject
Global
	GlobalSection(SolutionConfigurationPlatforms) = preSolution
		Debug|Any CPU = Debug|Any CPU
		Release|Any CPU = Release|Any CPU
	EndGlobalSection
	GlobalSection(ProjectConfigurationPlatforms) = postSolution
		{6BCD6F0A-0652-4125-945C-DB58B39D03F5}.Debug|Any CPU.ActiveCfg = Debug|Any CPU
		{6BCD6F0A-0652-4125-945C-DB58B39D03F5}.Debug|Any CPU.Build.0 = Debug|Any CPU
		{6BCD6F0A-0652-4125-945C-DB58B39D03F5}.Release|Any CPU.ActiveCfg = Release|Any CPU
		{6BCD6F0A-0652-4125-945C-DB58B39D03F5}.Release|Any CPU.Build.0 = Release|Any CPU
		{56CB9FCA-B366-4A18-922F-101906E9A40D}.Debug|Any CPU.ActiveCfg = Debug|Any CPU
		{56CB9FCA-B366-4A18-922F-101906E9A40D}.Debug|Any CPU.Build.0 = Debug|Any CPU
		{56CB9FCA-B366-4A18-922F-101906E9A40D}.Release|Any CPU.ActiveCfg = Release|Any CPU
		{56CB9FCA-B366-4A18-922F-101906E9A40D}.Release|Any CPU.Build.0 = Release|Any CPU
		{0573DE16-6646-42F3-9A3D-E7E159B9D003}.Debug|Any CPU.ActiveCfg = Debug|Any CPU
		{0573DE16-6646-42F3-9A3D-E7E159B9D003}.Debug|Any CPU.Build.0 = Debug|Any CPU
		{0573DE16-6646-42F3-9A3D-E7E159B9D003}.Release|Any CPU.ActiveCfg = Release|Any CPU
		{0573DE16-6646-42F3-9A3D-E7E159B9D003}.Release|Any CPU.Build.0 = Release|Any CPU
		{97CBD18D-A957-4430-A1FB-B82ED43843B2}.Debug|Any CPU.ActiveCfg = Debug|Any CPU
		{97CBD18D-A957-4430-A1FB-B82ED43843B2}.Debug|Any CPU.Build.0 = Debug|Any CPU
		{97CBD18D-A957-4430-A1FB-B82ED43843B2}.Release|Any CPU.ActiveCfg = Release|Any CPU
		{97CBD18D-A957-4430-A1FB-B82ED43843B2}.Release|Any CPU.Build.0 = Release|Any CPU
		{E046DBD6-C618-470E-8A89-2697B8D4BE8C}.Debug|Any CPU.ActiveCfg = Debug|Any CPU
		{E046DBD6-C618-470E-8A89-2697B8D4BE8C}.Debug|Any CPU.Build.0 = Debug|Any CPU
		{E046DBD6-C618-470E-8A89-2697B8D4BE8C}.Release|Any CPU.ActiveCfg = Release|Any CPU
		{E046DBD6-C618-470E-8A89-2697B8D4BE8C}.Release|Any CPU.Build.0 = Release|Any CPU
	EndGlobalSection
	GlobalSection(SolutionProperties) = preSolution
		HideSolutionNode = FALSE
	EndGlobalSection
	GlobalSection(ExtensibilityGlobals) = postSolution
		SolutionGuid = {49E03192-0594-4791-B5F2-DA4AC9D41D7D}
	EndGlobalSection
EndGlobal
