
Microsoft Visual Studio Solution File, Format Version 12.00
# Visual Studio Version 16
VisualStudioVersion = 16.0.30204.135
MinimumVisualStudioVersion = 10.0.40219.1
Project("{FAE04EC0-301F-11D3-BF4B-00C04F79EFBC}") = "00. DFS", "00. DFS\00. DFS.csproj", "{B06ED423-E48F-4A65-8214-76C02BB146E6}"
EndProject
Global
	GlobalSection(SolutionConfigurationPlatforms) = preSolution
		Debug|Any CPU = Debug|Any CPU
		Release|Any CPU = Release|Any CPU
	EndGlobalSection
	GlobalSection(ProjectConfigurationPlatforms) = postSolution
		{B06ED423-E48F-4A65-8214-76C02BB146E6}.Debug|Any CPU.ActiveCfg = Debug|Any CPU
		{B06ED423-E48F-4A65-8214-76C02BB146E6}.Debug|Any CPU.Build.0 = Debug|Any CPU
		{B06ED423-E48F-4A65-8214-76C02BB146E6}.Release|Any CPU.ActiveCfg = Release|Any CPU
		{B06ED423-E48F-4A65-8214-76C02BB146E6}.Release|Any CPU.Build.0 = Release|Any CPU
	EndGlobalSection
	GlobalSection(SolutionProperties) = preSolution
		HideSolutionNode = FALSE
	EndGlobalSection
	GlobalSection(ExtensibilityGlobals) = postSolution
		SolutionGuid = {B71E838D-3960-46A0-B332-98B331D20B2F}
	EndGlobalSection
EndGlobal
