
Microsoft Visual Studio Solution File, Format Version 12.00
# Visual Studio Version 16
VisualStudioVersion = 16.0.30204.135
MinimumVisualStudioVersion = 10.0.40219.1
Project("{FAE04EC0-301F-11D3-BF4B-00C04F79EFBC}") = "01 TBC", "01 TBC\01 TBC.csproj", "{1A953955-3CCD-41C5-BF6B-A85518C46571}"
EndProject
Project("{FAE04EC0-301F-11D3-BF4B-00C04F79EFBC}") = "02 Socks", "02 Socks\02 Socks.csproj", "{9619045E-0D00-496B-826A-BBCBB89D8391}"
EndProject
Project("{FAE04EC0-301F-11D3-BF4B-00C04F79EFBC}") = "03 Path Finder", "03 Path Finder\03 Path Finder.csproj", "{E1387588-255B-4A37-A0E0-75C9EEFA4F26}"
EndProject
Global
	GlobalSection(SolutionConfigurationPlatforms) = preSolution
		Debug|Any CPU = Debug|Any CPU
		Release|Any CPU = Release|Any CPU
	EndGlobalSection
	GlobalSection(ProjectConfigurationPlatforms) = postSolution
		{1A953955-3CCD-41C5-BF6B-A85518C46571}.Debug|Any CPU.ActiveCfg = Debug|Any CPU
		{1A953955-3CCD-41C5-BF6B-A85518C46571}.Debug|Any CPU.Build.0 = Debug|Any CPU
		{1A953955-3CCD-41C5-BF6B-A85518C46571}.Release|Any CPU.ActiveCfg = Release|Any CPU
		{1A953955-3CCD-41C5-BF6B-A85518C46571}.Release|Any CPU.Build.0 = Release|Any CPU
		{9619045E-0D00-496B-826A-BBCBB89D8391}.Debug|Any CPU.ActiveCfg = Debug|Any CPU
		{9619045E-0D00-496B-826A-BBCBB89D8391}.Debug|Any CPU.Build.0 = Debug|Any CPU
		{9619045E-0D00-496B-826A-BBCBB89D8391}.Release|Any CPU.ActiveCfg = Release|Any CPU
		{9619045E-0D00-496B-826A-BBCBB89D8391}.Release|Any CPU.Build.0 = Release|Any CPU
		{E1387588-255B-4A37-A0E0-75C9EEFA4F26}.Debug|Any CPU.ActiveCfg = Debug|Any CPU
		{E1387588-255B-4A37-A0E0-75C9EEFA4F26}.Debug|Any CPU.Build.0 = Debug|Any CPU
		{E1387588-255B-4A37-A0E0-75C9EEFA4F26}.Release|Any CPU.ActiveCfg = Release|Any CPU
		{E1387588-255B-4A37-A0E0-75C9EEFA4F26}.Release|Any CPU.Build.0 = Release|Any CPU
	EndGlobalSection
	GlobalSection(SolutionProperties) = preSolution
		HideSolutionNode = FALSE
	EndGlobalSection
	GlobalSection(ExtensibilityGlobals) = postSolution
		SolutionGuid = {C7AB1716-96F8-464A-B3E3-DC084BD4BBEA}
	EndGlobalSection
EndGlobal
