
Microsoft Visual Studio Solution File, Format Version 12.00
# Visual Studio Version 16
VisualStudioVersion = 16.0.30907.101
MinimumVisualStudioVersion = 10.0.40219.1
Project("{FAE04EC0-301F-11D3-BF4B-00C04F79EFBC}") = "01. Cable Merchant", "01. Cable Merchant\01. Cable Merchant.csproj", "{F16A623B-AE11-4F3F-B4EA-70F4A63C3706}"
EndProject
Project("{FAE04EC0-301F-11D3-BF4B-00C04F79EFBC}") = "02. Battle Points", "02. Battle Points\02. Battle Points.csproj", "{B983E85D-86FC-4E09-BD55-31412AB2D77D}"
EndProject
Project("{FAE04EC0-301F-11D3-BF4B-00C04F79EFBC}") = "03. Longest String Chain", "03. Longest String Chain\03. Longest String Chain.csproj", "{E43F7817-F928-4E28-A826-3984AADD07DA}"
EndProject
Project("{FAE04EC0-301F-11D3-BF4B-00C04F79EFBC}") = "04. Longest Zigzag", "04. Longest Zigzag\04. Longest Zigzag.csproj", "{C473BA38-6743-42D9-9C03-B56FDA8773DC}"
EndProject
Global
	GlobalSection(SolutionConfigurationPlatforms) = preSolution
		Debug|Any CPU = Debug|Any CPU
		Release|Any CPU = Release|Any CPU
	EndGlobalSection
	GlobalSection(ProjectConfigurationPlatforms) = postSolution
		{F16A623B-AE11-4F3F-B4EA-70F4A63C3706}.Debug|Any CPU.ActiveCfg = Debug|Any CPU
		{F16A623B-AE11-4F3F-B4EA-70F4A63C3706}.Debug|Any CPU.Build.0 = Debug|Any CPU
		{F16A623B-AE11-4F3F-B4EA-70F4A63C3706}.Release|Any CPU.ActiveCfg = Release|Any CPU
		{F16A623B-AE11-4F3F-B4EA-70F4A63C3706}.Release|Any CPU.Build.0 = Release|Any CPU
		{B983E85D-86FC-4E09-BD55-31412AB2D77D}.Debug|Any CPU.ActiveCfg = Debug|Any CPU
		{B983E85D-86FC-4E09-BD55-31412AB2D77D}.Debug|Any CPU.Build.0 = Debug|Any CPU
		{B983E85D-86FC-4E09-BD55-31412AB2D77D}.Release|Any CPU.ActiveCfg = Release|Any CPU
		{B983E85D-86FC-4E09-BD55-31412AB2D77D}.Release|Any CPU.Build.0 = Release|Any CPU
		{E43F7817-F928-4E28-A826-3984AADD07DA}.Debug|Any CPU.ActiveCfg = Debug|Any CPU
		{E43F7817-F928-4E28-A826-3984AADD07DA}.Debug|Any CPU.Build.0 = Debug|Any CPU
		{E43F7817-F928-4E28-A826-3984AADD07DA}.Release|Any CPU.ActiveCfg = Release|Any CPU
		{E43F7817-F928-4E28-A826-3984AADD07DA}.Release|Any CPU.Build.0 = Release|Any CPU
		{C473BA38-6743-42D9-9C03-B56FDA8773DC}.Debug|Any CPU.ActiveCfg = Debug|Any CPU
		{C473BA38-6743-42D9-9C03-B56FDA8773DC}.Debug|Any CPU.Build.0 = Debug|Any CPU
		{C473BA38-6743-42D9-9C03-B56FDA8773DC}.Release|Any CPU.ActiveCfg = Release|Any CPU
		{C473BA38-6743-42D9-9C03-B56FDA8773DC}.Release|Any CPU.Build.0 = Release|Any CPU
	EndGlobalSection
	GlobalSection(SolutionProperties) = preSolution
		HideSolutionNode = FALSE
	EndGlobalSection
	GlobalSection(ExtensibilityGlobals) = postSolution
		SolutionGuid = {CF3C82F3-7026-4D34-B31A-FA784B97F411}
	EndGlobalSection
EndGlobal
